# This file is generated by running "yarn install" inside your project.
# Manual changes might be lost - proceed with caution!

__metadata:
  version: 4

"is-your-coworker-sleeping@workspace:.":
  version: 0.0.0-use.local
  resolution: "is-your-coworker-sleeping@workspace:."
  languageName: unknown
  linkType: soft
